
Microsoft Visual Studio Solution File, Format Version 12.00
# Visual Studio Version 16
VisualStudioVersion = 16.0.30104.148
MinimumVisualStudioVersion = 10.0.40219.1
Project("{FAE04EC0-301F-11D3-BF4B-00C04F79EFBC}") = "LOR Art downloader", "P LOR Art downloader\LOR Art downloader.csproj", "{F21674E6-D399-46D6-9BA5-2F10D84BE2A7}"
EndProject
Global
	GlobalSection(SolutionConfigurationPlatforms) = preSolution
		Debug|Any CPU = Debug|Any CPU
		Release|Any CPU = Release|Any CPU
	EndGlobalSection
	GlobalSection(ProjectConfigurationPlatforms) = postSolution
		{F21674E6-D399-46D6-9BA5-2F10D84BE2A7}.Debug|Any CPU.ActiveCfg = Debug|Any CPU
		{F21674E6-D399-46D6-9BA5-2F10D84BE2A7}.Debug|Any CPU.Build.0 = Debug|Any CPU
		{F21674E6-D399-46D6-9BA5-2F10D84BE2A7}.Release|Any CPU.ActiveCfg = Release|Any CPU
		{F21674E6-D399-46D6-9BA5-2F10D84BE2A7}.Release|Any CPU.Build.0 = Release|Any CPU
	EndGlobalSection
	GlobalSection(SolutionProperties) = preSolution
		HideSolutionNode = FALSE
	EndGlobalSection
	GlobalSection(ExtensibilityGlobals) = postSolution
		SolutionGuid = {B20312BB-9D43-4F27-B738-565C3466CB65}
	EndGlobalSection
EndGlobal
